
Microsoft Visual Studio Solution File, Format Version 12.00
Project("{FAE04EC0-301F-11D3-BF4B-00C04F79EFBC}") = "PCBuidler.Domain", "PCBuidler.Domain\PCBuidler.Domain.csproj", "{32C37B88-59E2-4AAD-8BE2-8DD260198186}"
EndProject
Project("{FAE04EC0-301F-11D3-BF4B-00C04F79EFBC}") = "PCBuilder.Persistence", "PCBuilder.Persistence\PCBuilder.Persistence.csproj", "{0D2BCBE6-452B-44F2-97E2-D839B2BF1CF7}"
EndProject
Project("{FAE04EC0-301F-11D3-BF4B-00C04F79EFBC}") = "PCBuilder.Application", "PCBuilder.Application\PCBuilder.Application.csproj", "{107978B5-F25B-4DC8-BE37-D75A09B79E3A}"
EndProject
Project("{FAE04EC0-301F-11D3-BF4B-00C04F79EFBC}") = "PCBuilder.WebApi", "PCBuilder.WebApi\PCBuilder.WebApi.csproj", "{1010D888-368D-4572-990E-BB5679730F45}"
EndProject
Project("{FAE04EC0-301F-11D3-BF4B-00C04F79EFBC}") = "PCBuilder.Infrastructure", "PCBuilder.Infrastructure\PCBuilder.Infrastructure.csproj", "{7668F229-CB6E-4F61-9DEF-9EA332DDB914}"
EndProject
Global
	GlobalSection(SolutionConfigurationPlatforms) = preSolution
		Debug|Any CPU = Debug|Any CPU
		Release|Any CPU = Release|Any CPU
	EndGlobalSection
	GlobalSection(ProjectConfigurationPlatforms) = postSolution
		{32C37B88-59E2-4AAD-8BE2-8DD260198186}.Debug|Any CPU.ActiveCfg = Debug|Any CPU
		{32C37B88-59E2-4AAD-8BE2-8DD260198186}.Debug|Any CPU.Build.0 = Debug|Any CPU
		{32C37B88-59E2-4AAD-8BE2-8DD260198186}.Release|Any CPU.ActiveCfg = Release|Any CPU
		{32C37B88-59E2-4AAD-8BE2-8DD260198186}.Release|Any CPU.Build.0 = Release|Any CPU
		{0D2BCBE6-452B-44F2-97E2-D839B2BF1CF7}.Debug|Any CPU.ActiveCfg = Debug|Any CPU
		{0D2BCBE6-452B-44F2-97E2-D839B2BF1CF7}.Debug|Any CPU.Build.0 = Debug|Any CPU
		{0D2BCBE6-452B-44F2-97E2-D839B2BF1CF7}.Release|Any CPU.ActiveCfg = Release|Any CPU
		{0D2BCBE6-452B-44F2-97E2-D839B2BF1CF7}.Release|Any CPU.Build.0 = Release|Any CPU
		{107978B5-F25B-4DC8-BE37-D75A09B79E3A}.Debug|Any CPU.ActiveCfg = Debug|Any CPU
		{107978B5-F25B-4DC8-BE37-D75A09B79E3A}.Debug|Any CPU.Build.0 = Debug|Any CPU
		{107978B5-F25B-4DC8-BE37-D75A09B79E3A}.Release|Any CPU.ActiveCfg = Release|Any CPU
		{107978B5-F25B-4DC8-BE37-D75A09B79E3A}.Release|Any CPU.Build.0 = Release|Any CPU
		{1010D888-368D-4572-990E-BB5679730F45}.Debug|Any CPU.ActiveCfg = Debug|Any CPU
		{1010D888-368D-4572-990E-BB5679730F45}.Debug|Any CPU.Build.0 = Debug|Any CPU
		{1010D888-368D-4572-990E-BB5679730F45}.Release|Any CPU.ActiveCfg = Release|Any CPU
		{1010D888-368D-4572-990E-BB5679730F45}.Release|Any CPU.Build.0 = Release|Any CPU
		{7668F229-CB6E-4F61-9DEF-9EA332DDB914}.Debug|Any CPU.ActiveCfg = Debug|Any CPU
		{7668F229-CB6E-4F61-9DEF-9EA332DDB914}.Debug|Any CPU.Build.0 = Debug|Any CPU
		{7668F229-CB6E-4F61-9DEF-9EA332DDB914}.Release|Any CPU.ActiveCfg = Release|Any CPU
		{7668F229-CB6E-4F61-9DEF-9EA332DDB914}.Release|Any CPU.Build.0 = Release|Any CPU
	EndGlobalSection
EndGlobal
